<?xml version="1.0" encoding="utf-8"?>
<Project ToolsVersion="4.0" xmlns="http://schemas.microsoft.com/developer/msbuild/2003">
  <ItemGroup>
    <Filter Include="Source Files">
      <UniqueIdentifier>{4FC737F1-C7A5-4376-A066-2A32D752A2FF}</UniqueIdentifier>
      <Extensions>cpp;c;cc;cxx;def;odl;idl;hpj;bat;asm;asmx</Extensions>
    </Filter>
    <Filter Include="Header Files">
      <UniqueIdentifier>{93995380-89BD-4b04-88EB-625FBE52EBFB}</UniqueIdentifier>
      <Extensions>h;hh;hpp;hxx;hm;inl;inc;xsd</Extensions>
    </Filter>
    <Filter Include="Resource Files">
      <UniqueIdentifier>{67DA6AB6-F800-4c08-8B7A-83BB121AAD01}</UniqueIdentifier>
      <Extensions>rc;ico;cur;bmp;dlg;rc2;rct;bin;rgs;gif;jpg;jpeg;jpe;resx;tiff;tif;png;wav;mfcribbon-ms</Extensions>
    </Filter>
  </ItemGroup>
  <ItemGroup>
    <ClCompile Include="src\Source.cpp">
      <Filter>Source Files</Filter>
    </ClCompile>
    <ClCompile Include="src\raytracer\Ray.cpp">
      <Filter>Source Files</Filter>
    </ClCompile>
    <ClCompile Include="src\primitivas\Result.cpp">
      <Filter>Source Files</Filter>
    </ClCompile>
    <ClCompile Include="src\primitivas\Plane.cpp">
      <Filter>Source Files</Filter>
    </ClCompile>
    <ClCompile Include="src\primitivas\Sphere.cpp">
      <Filter>Source Files</Filter>
    </ClCompile>
    <ClCompile Include="src\raytracer\Canvas.cpp">
      <Filter>Source Files</Filter>
    </ClCompile>
    <ClCompile Include="src\raytracer\Color.cpp">
      <Filter>Source Files</Filter>
    </ClCompile>
    <ClCompile Include="src\abstract\Primitive.cpp">
      <Filter>Source Files</Filter>
    </ClCompile>
    <ClCompile Include="src\abstract\AbsScene.cpp">
      <Filter>Source Files</Filter>
    </ClCompile>
    <ClCompile Include="src\primitivas\Box.cpp">
      <Filter>Source Files</Filter>
    </ClCompile>
    <ClCompile Include="src\primitivas\Triangle.cpp">
      <Filter>Source Files</Filter>
    </ClCompile>
    <ClCompile Include="src\Camera\PinholeCamera.cpp">
      <Filter>Source Files</Filter>
    </ClCompile>
    <ClCompile Include="src\Scenes\PresentationScene.cpp">
      <Filter>Source Files</Filter>
    </ClCompile>
    <ClCompile Include="src\abstract\AbsCamera.cpp">
      <Filter>Source Files</Filter>
    </ClCompile>
    <ClCompile Include="src\Camera\ThinLensCamera.cpp">
      <Filter>Source Files</Filter>
    </ClCompile>
    <ClCompile Include="src\Samples\Regular.cpp">
      <Filter>Source Files</Filter>
    </ClCompile>
    <ClCompile Include="src\abstract\Sampler.cpp">
      <Filter>Source Files</Filter>
    </ClCompile>
    <ClCompile Include="src\Samples\Jittered.cpp">
      <Filter>Source Files</Filter>
    </ClCompile>
    <ClCompile Include="src\Samples\NRooks.cpp">
      <Filter>Source Files</Filter>
    </ClCompile>
    <ClCompile Include="src\Samples\Hammersley.cpp">
      <Filter>Source Files</Filter>
    </ClCompile>
    <ClCompile Include="src\Samples\Random.cpp">
      <Filter>Source Files</Filter>
    </ClCompile>
    <ClCompile Include="src\Samples\MultiJittered.cpp">
      <Filter>Source Files</Filter>
    </ClCompile>
    <ClCompile Include="src\abstract\AbsMaterial.cpp">
      <Filter>Source Files</Filter>
    </ClCompile>
    <ClCompile Include="src\Materials\Phong.cpp">
      <Filter>Source Files</Filter>
    </ClCompile>
    <ClCompile Include="src\abstract\AbsBRDF.cpp">
      <Filter>Source Files</Filter>
    </ClCompile>
    <ClCompile Include="src\brdf\Lambertian.cpp">
      <Filter>Source Files</Filter>
    </ClCompile>
    <ClCompile Include="src\brdf\GlossySpecular.cpp">
      <Filter>Source Files</Filter>
    </ClCompile>
    <ClCompile Include="src\abstract\AbsLight.cpp">
      <Filter>Source Files</Filter>
    </ClCompile>
    <ClCompile Include="src\Lights\AmbientLight.cpp">
      <Filter>Source Files</Filter>
    </ClCompile>
    <ClCompile Include="src\Lights\PointLight.cpp">
      <Filter>Source Files</Filter>
    </ClCompile>
    <ClCompile Include="src\Tracer\Raycasting.cpp">
      <Filter>Source Files</Filter>
    </ClCompile>
    <ClCompile Include="src\Materials\ReflectMaterial.cpp">
      <Filter>Source Files</Filter>
    </ClCompile>
    <ClCompile Include="src\brdf\PerfectSpecular.cpp">
      <Filter>Source Files</Filter>
    </ClCompile>
    <ClCompile Include="src\Lights\AmbientOccluder.cpp">
      <Filter>Source Files</Filter>
    </ClCompile>
    <ClCompile Include="src\Tracer\AreaLighting.cpp">
      <Filter>Source Files</Filter>
    </ClCompile>
    <ClCompile Include="src\Materials\Emissive.cpp">
      <Filter>Source Files</Filter>
    </ClCompile>
    <ClCompile Include="src\primitivas\Rectangle.cpp">
      <Filter>Source Files</Filter>
    </ClCompile>
    <ClCompile Include="src\abstract\EmissiveObject.cpp">
      <Filter>Source Files</Filter>
    </ClCompile>
    <ClCompile Include="src\Lights\AreaLight.cpp">
      <Filter>Source Files</Filter>
    </ClCompile>
    <ClCompile Include="src\abstract\EmissiveMaterial.cpp">
      <Filter>Source Files</Filter>
    </ClCompile>
    <ClCompile Include="src\Lights\EnvironmentLight.cpp">
      <Filter>Source Files</Filter>
    </ClCompile>
    <ClCompile Include="src\Scenes\PresentationScene1.cpp">
      <Filter>Source Files</Filter>
    </ClCompile>
    <ClCompile Include="src\Scenes\Focus.cpp">
      <Filter>Source Files</Filter>
    </ClCompile>
    <ClCompile Include="src\Util\BBox.cpp">
      <Filter>Source Files</Filter>
    </ClCompile>
    <ClCompile Include="src\primitivas\compound\Compound.cpp">
      <Filter>Source Files</Filter>
    </ClCompile>
    <ClCompile Include="src\primitivas\Meshs\Mesh.cpp">
      <Filter>Source Files</Filter>
    </ClCompile>
    <ClCompile Include="src\abstract\MeshTriangle.cpp">
      <Filter>Source Files</Filter>
    </ClCompile>
    <ClCompile Include="src\primitivas\Meshs\FlatMeshTriangle.cpp">
      <Filter>Source Files</Filter>
    </ClCompile>
    <ClCompile Include="src\primitivas\Meshs\MeshSphere.cpp">
      <Filter>Source Files</Filter>
    </ClCompile>
    <ClCompile Include="src\primitivas\Meshs\SmoothTriangle.cpp">
      <Filter>Source Files</Filter>
    </ClCompile>
    <ClCompile Include="src\primitivas\Meshs\SmoothMeshTriangle.cpp">
      <Filter>Source Files</Filter>
    </ClCompile>
    <ClCompile Include="src\primitivas\Meshs\SquareTriangle.cpp">
      <Filter>Source Files</Filter>
    </ClCompile>
    <ClCompile Include="src\Util\ply.cpp">
      <Filter>Source Files</Filter>
    </ClCompile>
    <ClCompile Include="src\primitivas\grid\Grid.cpp">
      <Filter>Source Files</Filter>
    </ClCompile>
    <ClCompile Include="src\Scenes\GridScene.cpp">
      <Filter>Source Files</Filter>
    </ClCompile>
    <ClCompile Include="src\primitivas\instance\Instance.cpp">
      <Filter>Source Files</Filter>
    </ClCompile>
    <ClCompile Include="src\Materials\GlossyReflectorMaterial.cpp">
      <Filter>Source Files</Filter>
    </ClCompile>
    <ClCompile Include="src\abstract\AbsBTDF.cpp">
      <Filter>Source Files</Filter>
    </ClCompile>
    <ClCompile Include="src\btdf\PerfectTransmitter.cpp">
      <Filter>Source Files</Filter>
    </ClCompile>
    <ClCompile Include="src\Materials\Transparent.cpp">
      <Filter>Source Files</Filter>
    </ClCompile>
    <ClCompile Include="src\btdf\FresnelTransmitter.cpp">
      <Filter>Source Files</Filter>
    </ClCompile>
  </ItemGroup>
  <ItemGroup>
    <ClInclude Include="src\primitivas\Plane.h">
      <Filter>Header Files</Filter>
    </ClInclude>
    <ClInclude Include="src\raytracer\Ray.h">
      <Filter>Header Files</Filter>
    </ClInclude>
    <ClInclude Include="src\primitivas\Result.h">
      <Filter>Header Files</Filter>
    </ClInclude>
    <ClInclude Include="src\primitivas\Sphere.h">
      <Filter>Header Files</Filter>
    </ClInclude>
    <ClInclude Include="src\raytracer\Canvas.h">
      <Filter>Header Files</Filter>
    </ClInclude>
    <ClInclude Include="src\raytracer\Color.h">
      <Filter>Header Files</Filter>
    </ClInclude>
    <ClInclude Include="src\abstract\Primitive.h">
      <Filter>Header Files</Filter>
    </ClInclude>
    <ClInclude Include="src\abstract\AbsScene.h">
      <Filter>Header Files</Filter>
    </ClInclude>
    <ClInclude Include="src\Util\Util.h">
      <Filter>Header Files</Filter>
    </ClInclude>
    <ClInclude Include="src\primitivas\Box.h">
      <Filter>Header Files</Filter>
    </ClInclude>
    <ClInclude Include="src\primitivas\Triangle.h">
      <Filter>Header Files</Filter>
    </ClInclude>
    <ClInclude Include="src\Camera\PinholeCamera.h">
      <Filter>Header Files</Filter>
    </ClInclude>
    <ClInclude Include="src\Scenes\PresentationScene.h">
      <Filter>Header Files</Filter>
    </ClInclude>
    <ClInclude Include="src\abstract\AbsCamera.h">
      <Filter>Header Files</Filter>
    </ClInclude>
    <ClInclude Include="src\Camera\ThinLensCamera.h">
      <Filter>Header Files</Filter>
    </ClInclude>
    <ClInclude Include="src\Samples\Regular.h">
      <Filter>Header Files</Filter>
    </ClInclude>
    <ClInclude Include="src\abstract\Sampler.h">
      <Filter>Header Files</Filter>
    </ClInclude>
    <ClInclude Include="src\Samples\Jittered.h">
      <Filter>Header Files</Filter>
    </ClInclude>
    <ClInclude Include="src\Samples\NRooks.h">
      <Filter>Header Files</Filter>
    </ClInclude>
    <ClInclude Include="src\Samples\Hammersley.h">
      <Filter>Header Files</Filter>
    </ClInclude>
    <ClInclude Include="src\Samples\Random.h">
      <Filter>Header Files</Filter>
    </ClInclude>
    <ClInclude Include="src\Samples\MultiJittered.h">
      <Filter>Header Files</Filter>
    </ClInclude>
    <ClInclude Include="src\interface\Camera.h">
      <Filter>Header Files</Filter>
    </ClInclude>
    <ClInclude Include="src\interface\Scene.h">
      <Filter>Header Files</Filter>
    </ClInclude>
    <ClInclude Include="src\interface\Material.h">
      <Filter>Header Files</Filter>
    </ClInclude>
    <ClInclude Include="src\abstract\AbsMaterial.h">
      <Filter>Header Files</Filter>
    </ClInclude>
    <ClInclude Include="src\Materials\Phong.h">
      <Filter>Header Files</Filter>
    </ClInclude>
    <ClInclude Include="src\interface\BRDF.h">
      <Filter>Header Files</Filter>
    </ClInclude>
    <ClInclude Include="src\abstract\AbsBRDF.h">
      <Filter>Header Files</Filter>
    </ClInclude>
    <ClInclude Include="src\brdf\Lambertian.h">
      <Filter>Header Files</Filter>
    </ClInclude>
    <ClInclude Include="src\brdf\GlossySpecular.h">
      <Filter>Header Files</Filter>
    </ClInclude>
    <ClInclude Include="src\interface\Light.h">
      <Filter>Header Files</Filter>
    </ClInclude>
    <ClInclude Include="src\abstract\AbsLight.h">
      <Filter>Header Files</Filter>
    </ClInclude>
    <ClInclude Include="src\Lights\AmbientLight.h">
      <Filter>Header Files</Filter>
    </ClInclude>
    <ClInclude Include="src\Lights\PointLight.h">
      <Filter>Header Files</Filter>
    </ClInclude>
    <ClInclude Include="src\interface\Tracer.h">
      <Filter>Header Files</Filter>
    </ClInclude>
    <ClInclude Include="src\Tracer\Raycasting.h">
      <Filter>Header Files</Filter>
    </ClInclude>
    <ClInclude Include="src\Materials\ReflectMaterial.h">
      <Filter>Header Files</Filter>
    </ClInclude>
    <ClInclude Include="src\brdf\PerfectSpecular.h">
      <Filter>Header Files</Filter>
    </ClInclude>
    <ClInclude Include="src\Lights\AmbientOccluder.h">
      <Filter>Header Files</Filter>
    </ClInclude>
    <ClInclude Include="src\Tracer\AreaLighting.h">
      <Filter>Header Files</Filter>
    </ClInclude>
    <ClInclude Include="src\Materials\Emissive.h">
      <Filter>Header Files</Filter>
    </ClInclude>
    <ClInclude Include="src\primitivas\Rectangle.h">
      <Filter>Header Files</Filter>
    </ClInclude>
    <ClInclude Include="src\Lights\AreaLight.h">
      <Filter>Header Files</Filter>
    </ClInclude>
    <ClInclude Include="src\abstract\EmissiveObject.h">
      <Filter>Header Files</Filter>
    </ClInclude>
    <ClInclude Include="src\abstract\EmissiveMaterial.h">
      <Filter>Header Files</Filter>
    </ClInclude>
    <ClInclude Include="src\Lights\EnvironmentLight.h">
      <Filter>Header Files</Filter>
    </ClInclude>
    <ClInclude Include="src\Scenes\PresentationScene1.h">
      <Filter>Header Files</Filter>
    </ClInclude>
    <ClInclude Include="src\Scenes\Focus.h">
      <Filter>Header Files</Filter>
    </ClInclude>
    <ClInclude Include="src\Util\BBox.h">
      <Filter>Header Files</Filter>
    </ClInclude>
    <ClInclude Include="src\primitivas\compound\Compound.h">
      <Filter>Header Files</Filter>
    </ClInclude>
    <ClInclude Include="src\primitivas\Meshs\Mesh.h">
      <Filter>Header Files</Filter>
    </ClInclude>
    <ClInclude Include="src\abstract\MeshTriangle.h">
      <Filter>Header Files</Filter>
    </ClInclude>
    <ClInclude Include="src\primitivas\Meshs\FlatMeshTriangle.h">
      <Filter>Header Files</Filter>
    </ClInclude>
    <ClInclude Include="src\primitivas\Meshs\MeshSphere.h">
      <Filter>Header Files</Filter>
    </ClInclude>
    <ClInclude Include="src\primitivas\Meshs\SmoothTriangle.h">
      <Filter>Header Files</Filter>
    </ClInclude>
    <ClInclude Include="src\primitivas\Meshs\SmoothMeshTriangle.h">
      <Filter>Header Files</Filter>
    </ClInclude>
    <ClInclude Include="src\primitivas\Meshs\SquareTriangle.h">
      <Filter>Header Files</Filter>
    </ClInclude>
    <ClInclude Include="src\Util\ply.h">
      <Filter>Header Files</Filter>
    </ClInclude>
    <ClInclude Include="src\primitivas\grid\Grid.h">
      <Filter>Header Files</Filter>
    </ClInclude>
    <ClInclude Include="src\Scenes\GridScene.h">
      <Filter>Header Files</Filter>
    </ClInclude>
    <ClInclude Include="src\primitivas\instance\Instance.h">
      <Filter>Header Files</Filter>
    </ClInclude>
    <ClInclude Include="src\Materials\GlossyReflectorMaterial.h">
      <Filter>Header Files</Filter>
    </ClInclude>
    <ClInclude Include="src\interface\BTDF.h">
      <Filter>Header Files</Filter>
    </ClInclude>
    <ClInclude Include="src\abstract\AbsBTDF.h">
      <Filter>Header Files</Filter>
    </ClInclude>
    <ClInclude Include="src\btdf\PerfectTransmitter.h">
      <Filter>Header Files</Filter>
    </ClInclude>
    <ClInclude Include="src\Materials\Transparent.h">
      <Filter>Header Files</Filter>
    </ClInclude>
    <ClInclude Include="src\btdf\FresnelTransmitter.h">
      <Filter>Header Files</Filter>
    </ClInclude>
  </ItemGroup>
</Project>